<?xml version="1.0" encoding="utf-8"?>
<Project ToolsVersion="4.0" xmlns="http://schemas.microsoft.com/developer/msbuild/2003">
  <ItemGroup>
    <Filter Include="Resource Files">
      <UniqueIdentifier>{67DA6AB6-F800-4c08-8B7A-83BB121AAD01}</UniqueIdentifier>
      <Extensions>rc;ico;cur;bmp;dlg;rc2;rct;bin;rgs;gif;jpg;jpeg;jpe;resx;tiff;tif;png;wav;mfcribbon-ms</Extensions>
    </Filter>
    <Filter Include="MultiSpore">
      <UniqueIdentifier>{3880d018-2395-4502-abfe-4b83e0817aab}</UniqueIdentifier>
    </Filter>
    <Filter Include="Internal">
      <UniqueIdentifier>{d62ad12d-69d8-4933-8342-03043c9adc22}</UniqueIdentifier>
    </Filter>
    <Filter Include="MultiSpore\Sources">
      <UniqueIdentifier>{542eaa20-cccd-4517-8646-1915f1f7d3ea}</UniqueIdentifier>
    </Filter>
    <Filter Include="MultiSpore\Sources\Client">
      <UniqueIdentifier>{56309ecd-e38e-42f2-b0e0-d1eaf150d52b}</UniqueIdentifier>
    </Filter>
    <Filter Include="MultiSpore\Sources\Log">
      <UniqueIdentifier>{e3f7c51d-5327-43d3-b57a-6a1544a21a45}</UniqueIdentifier>
    </Filter>
  </ItemGroup>
  <ItemGroup>
    <ClInclude Include="targetver.h">
      <Filter>Internal</Filter>
    </ClInclude>
    <ClInclude Include="stdafx.h">
      <Filter>Internal</Filter>
    </ClInclude>
    <ClInclude Include="Client.h">
      <Filter>MultiSpore\Sources\Client</Filter>
    </ClInclude>
    <ClInclude Include="Log.h">
      <Filter>MultiSpore\Sources\Log</Filter>
    </ClInclude>
  </ItemGroup>
  <ItemGroup>
    <ClCompile Include="dllmain.cpp">
      <Filter>MultiSpore</Filter>
    </ClCompile>
    <ClCompile Include="stdafx.cpp">
      <Filter>Internal</Filter>
    </ClCompile>
    <ClCompile Include="Client.cpp">
      <Filter>MultiSpore\Sources\Client</Filter>
    </ClCompile>
    <ClCompile Include="Log.cpp">
      <Filter>MultiSpore\Sources\Log</Filter>
    </ClCompile>
  </ItemGroup>
  <ItemGroup>
    <None Include="SdkPathConfig.props" />
  </ItemGroup>
  <ItemGroup>
    <Text Include="ReadMe.txt">
      <Filter>Internal</Filter>
    </Text>
  </ItemGroup>
</Project>